
Microsoft Visual Studio Solution File, Format Version 12.00
# Visual Studio Version 17
VisualStudioVersion = 17.4.33213.308
MinimumVisualStudioVersion = 10.0.40219.1
Project("{FAE04EC0-301F-11D3-BF4B-00C04F79EFBC}") = "Solidsoft.Reply.Iso3166", "Solidsoft.Reply.Iso3166\Solidsoft.Reply.Iso3166.csproj", "{5E22FC6F-4BA1-43D4-90B1-7E4F64E0779F}"
EndProject
Project("{FAE04EC0-301F-11D3-BF4B-00C04F79EFBC}") = "Solidsoft.Reply.Iso3166.Tests", "Solidsoft.Reply.Iso3166.Tests\Solidsoft.Reply.Iso3166.Tests.csproj", "{C0AEA592-2E84-4A7D-88FF-A317629CEB79}"
EndProject
Global
	GlobalSection(SolutionConfigurationPlatforms) = preSolution
		Debug|Any CPU = Debug|Any CPU
		Release|Any CPU = Release|Any CPU
	EndGlobalSection
	GlobalSection(ProjectConfigurationPlatforms) = postSolution
		{18E5BAED-A777-4B53-A8E4-97EF2171B6DA}.Debug|Any CPU.ActiveCfg = Debug|Any CPU
		{18E5BAED-A777-4B53-A8E4-97EF2171B6DA}.Debug|Any CPU.Build.0 = Debug|Any CPU
		{18E5BAED-A777-4B53-A8E4-97EF2171B6DA}.Release|Any CPU.ActiveCfg = Release|Any CPU
		{18E5BAED-A777-4B53-A8E4-97EF2171B6DA}.Release|Any CPU.Build.0 = Release|Any CPU
		{5E22FC6F-4BA1-43D4-90B1-7E4F64E0779F}.Debug|Any CPU.ActiveCfg = Debug|Any CPU
		{5E22FC6F-4BA1-43D4-90B1-7E4F64E0779F}.Debug|Any CPU.Build.0 = Debug|Any CPU
		{5E22FC6F-4BA1-43D4-90B1-7E4F64E0779F}.Release|Any CPU.ActiveCfg = Release|Any CPU
		{5E22FC6F-4BA1-43D4-90B1-7E4F64E0779F}.Release|Any CPU.Build.0 = Release|Any CPU
		{C0AEA592-2E84-4A7D-88FF-A317629CEB79}.Debug|Any CPU.ActiveCfg = Debug|Any CPU
		{C0AEA592-2E84-4A7D-88FF-A317629CEB79}.Debug|Any CPU.Build.0 = Debug|Any CPU
		{C0AEA592-2E84-4A7D-88FF-A317629CEB79}.Release|Any CPU.ActiveCfg = Release|Any CPU
		{C0AEA592-2E84-4A7D-88FF-A317629CEB79}.Release|Any CPU.Build.0 = Release|Any CPU
	EndGlobalSection
	GlobalSection(SolutionProperties) = preSolution
		HideSolutionNode = FALSE
	EndGlobalSection
	GlobalSection(ExtensibilityGlobals) = postSolution
		SolutionGuid = {9DAB4BFB-3FD4-4F78-A517-80423AF1D193}
	EndGlobalSection
EndGlobal
